
Microsoft Visual Studio Solution File, Format Version 12.00
# Visual Studio 2013
VisualStudioVersion = 12.0.30501.0
MinimumVisualStudioVersion = 10.0.40219.1
Project("{FAE04EC0-301F-11D3-BF4B-00C04F79EFBC}") = "RimWorldSaveEditor", "RimWorldSaveEditor\RimWorldSaveEditor.csproj", "{6A09BF9E-1DCF-45E3-89B3-C439B54ACA64}"
EndProject
Project("{FAE04EC0-301F-11D3-BF4B-00C04F79EFBC}") = "RimWorldDefDumperMod", "RimWorldDefDumperMod\RimWorldDefDumperMod.csproj", "{1C541D09-80BD-4757-828B-696B137F8C95}"
EndProject
Global
	GlobalSection(SolutionConfigurationPlatforms) = preSolution
		Debug|Any CPU = Debug|Any CPU
		Release|Any CPU = Release|Any CPU
	EndGlobalSection
	GlobalSection(ProjectConfigurationPlatforms) = postSolution
		{6A09BF9E-1DCF-45E3-89B3-C439B54ACA64}.Debug|Any CPU.ActiveCfg = Debug|Any CPU
		{6A09BF9E-1DCF-45E3-89B3-C439B54ACA64}.Debug|Any CPU.Build.0 = Debug|Any CPU
		{6A09BF9E-1DCF-45E3-89B3-C439B54ACA64}.Release|Any CPU.ActiveCfg = Release|Any CPU
		{6A09BF9E-1DCF-45E3-89B3-C439B54ACA64}.Release|Any CPU.Build.0 = Release|Any CPU
		{1C541D09-80BD-4757-828B-696B137F8C95}.Debug|Any CPU.ActiveCfg = Debug|Any CPU
		{1C541D09-80BD-4757-828B-696B137F8C95}.Debug|Any CPU.Build.0 = Debug|Any CPU
		{1C541D09-80BD-4757-828B-696B137F8C95}.Release|Any CPU.ActiveCfg = Release|Any CPU
		{1C541D09-80BD-4757-828B-696B137F8C95}.Release|Any CPU.Build.0 = Release|Any CPU
	EndGlobalSection
	GlobalSection(SolutionProperties) = preSolution
		HideSolutionNode = FALSE
	EndGlobalSection
EndGlobal
